# This file is automatically @generated by Cargo.
# It is not intended for manual editing.
version = 4

[[package]]
name = "tsnat-cli"
version = "0.1.0"

[[package]]
name = "tsnat-codegen"
version = "0.1.0"

[[package]]
name = "tsnat-eval"
version = "0.1.0"

[[package]]
name = "tsnat-ffi"
version = "0.1.0"

[[package]]
name = "tsnat-ir"
version = "0.1.0"

[[package]]
name = "tsnat-lex"
version = "0.1.0"

[[package]]
name = "tsnat-parse"
version = "0.1.0"

[[package]]
name = "tsnat-react"
version = "0.1.0"

[[package]]
name = "tsnat-types"
version = "0.1.0"
